
Microsoft Visual Studio Solution File, Format Version 12.00
# Visual Studio Version 16
VisualStudioVersion = 16.0.31702.278
MinimumVisualStudioVersion = 10.0.40219.1
Project("{FAE04EC0-301F-11D3-BF4B-00C04F79EFBC}") = "PizzeriaSdomino", "PizzeriaSdomino\PizzeriaSdomino.csproj", "{6810914B-0FE8-4C41-B91B-B5D3DB0311DC}"
EndProject
Project("{FAE04EC0-301F-11D3-BF4B-00C04F79EFBC}") = "PizzeriaSdomino.Repository", "PizzeriaSdomino.Repository\PizzeriaSdomino.Repository.csproj", "{2A3D125C-E106-444B-B4C2-12CE6DAAC466}"
EndProject
Project("{FAE04EC0-301F-11D3-BF4B-00C04F79EFBC}") = "PizzeriaSdomino.Reader", "PizzeriaSdomino.Reader\PizzeriaSdomino.Reader.csproj", "{1A4D6559-A905-4F12-8DBD-9DFF3302AF65}"
EndProject
Global
	GlobalSection(SolutionConfigurationPlatforms) = preSolution
		Debug|Any CPU = Debug|Any CPU
		Release|Any CPU = Release|Any CPU
	EndGlobalSection
	GlobalSection(ProjectConfigurationPlatforms) = postSolution
		{6810914B-0FE8-4C41-B91B-B5D3DB0311DC}.Debug|Any CPU.ActiveCfg = Debug|Any CPU
		{6810914B-0FE8-4C41-B91B-B5D3DB0311DC}.Debug|Any CPU.Build.0 = Debug|Any CPU
		{6810914B-0FE8-4C41-B91B-B5D3DB0311DC}.Release|Any CPU.ActiveCfg = Release|Any CPU
		{6810914B-0FE8-4C41-B91B-B5D3DB0311DC}.Release|Any CPU.Build.0 = Release|Any CPU
		{2A3D125C-E106-444B-B4C2-12CE6DAAC466}.Debug|Any CPU.ActiveCfg = Debug|Any CPU
		{2A3D125C-E106-444B-B4C2-12CE6DAAC466}.Debug|Any CPU.Build.0 = Debug|Any CPU
		{2A3D125C-E106-444B-B4C2-12CE6DAAC466}.Release|Any CPU.ActiveCfg = Release|Any CPU
		{2A3D125C-E106-444B-B4C2-12CE6DAAC466}.Release|Any CPU.Build.0 = Release|Any CPU
		{1A4D6559-A905-4F12-8DBD-9DFF3302AF65}.Debug|Any CPU.ActiveCfg = Debug|Any CPU
		{1A4D6559-A905-4F12-8DBD-9DFF3302AF65}.Debug|Any CPU.Build.0 = Debug|Any CPU
		{1A4D6559-A905-4F12-8DBD-9DFF3302AF65}.Release|Any CPU.ActiveCfg = Release|Any CPU
		{1A4D6559-A905-4F12-8DBD-9DFF3302AF65}.Release|Any CPU.Build.0 = Release|Any CPU
	EndGlobalSection
	GlobalSection(SolutionProperties) = preSolution
		HideSolutionNode = FALSE
	EndGlobalSection
	GlobalSection(ExtensibilityGlobals) = postSolution
		SolutionGuid = {C62D2F9B-FDCA-40F2-ADFA-98B870F42C04}
	EndGlobalSection
EndGlobal
